{
  "version": "5",
  "specifiers": {
    "jsr:@es-toolkit/es-toolkit@^1.39.5": "1.39.8",
    "jsr:@fedify/fedify@1.8.2": "1.8.2",
    "jsr:@fedify/markdown-it-hashtag@0.3": "0.3.0",
    "jsr:@fedify/markdown-it-mention@0.3": "0.3.0",
    "jsr:@hongminhee/x-forwarded-fetch@0.2": "0.2.0",
    "jsr:@hono/hono@^4.8.2": "4.8.12",
    "jsr:@hugoalh/http-header-link@^1.0.2": "1.0.3",
    "jsr:@hugoalh/is-string-singleline@^1.0.4": "1.0.5",
    "jsr:@logtape/logtape@1": "1.0.4",
    "jsr:@std/html@0.224": "0.224.2",
    "npm:@fedify/markdown-it-hashtag@0.3": "0.3.0",
    "npm:@fedify/markdown-it-mention@0.3": "0.3.0",
    "npm:@js-temporal/polyfill@~0.5.1": "0.5.1",
    "npm:@logtape/logtape@1": "1.0.4",
    "npm:@multiformats/base-x@^4.0.1": "4.0.1",
    "npm:@opentelemetry/api@^1.9.0": "1.9.0",
    "npm:@opentelemetry/semantic-conventions@^1.27.0": "1.36.0",
    "npm:@phensley/language-tag@^1.12.2": "1.13.0",
    "npm:@phensley/language-tag@^1.9.0": "1.13.0",
    "npm:@types/markdown-it@^14.1.1": "14.1.2",
    "npm:@types/node@*": "22.15.3",
    "npm:asn1js@^3.0.5": "3.0.6",
    "npm:byte-encodings@^1.0.11": "1.0.11",
    "npm:html-entities@^2.6.0": "2.6.0",
    "npm:json-canon@^1.0.1": "1.0.1",
    "npm:jsonld@^8.3.2": "8.3.3",
    "npm:markdown-it@^14.1.0": "14.1.0",
    "npm:mime-db@^1.54.0": "1.54.0",
    "npm:multicodec@^3.2.1": "3.2.1",
    "npm:pkijs@^3.2.4": "3.2.5",
    "npm:structured-field-values@^2.0.4": "2.0.4",
    "npm:tsdown@~0.12.8": "0.12.9_rolldown@1.0.0-beta.29",
    "npm:uri-template-router@^0.0.17": "0.0.17",
    "npm:url-template@^3.1.1": "3.1.1",
    "npm:uuid@^11.1.0": "11.1.0",
    "npm:xss@^1.0.15": "1.0.15"
  },
  "jsr": {
    "@es-toolkit/es-toolkit@1.39.8": {
      "integrity": "4c03332b6dea5f1597827e3aec426a88b8b0ba18aa1899102f4c1126fb4a42b4"
    },
    "@fedify/fedify@1.8.2": {
      "integrity": "8eb0a922451b114773408fa0c7a3c39926d00996a578e657001cb2d3edb85e86",
      "dependencies": [
        "jsr:@es-toolkit/es-toolkit",
        "jsr:@hugoalh/http-header-link",
        "jsr:@logtape/logtape@1",
        "npm:@multiformats/base-x",
        "npm:@opentelemetry/api",
        "npm:@opentelemetry/semantic-conventions",
        "npm:@phensley/language-tag@^1.9.0",
        "npm:asn1js",
        "npm:byte-encodings",
        "npm:json-canon",
        "npm:jsonld",
        "npm:multicodec",
        "npm:pkijs",
        "npm:structured-field-values",
        "npm:uri-template-router",
        "npm:url-template"
      ]
    },
    "@fedify/markdown-it-hashtag@0.3.0": {
      "integrity": "0f4ebe15d0da2a1d1fe9ad74209811b6aa409e5cd1539b7934fc7ae5f7c88207",
      "dependencies": [
        "jsr:@std/html",
        "npm:@types/markdown-it"
      ]
    },
    "@fedify/markdown-it-mention@0.3.0": {
      "integrity": "f643f850da6310566a1de2744900d7bc06c0f59d3ae9a14202a6d968f5d20227",
      "dependencies": [
        "jsr:@std/html",
        "npm:@types/markdown-it"
      ]
    },
    "@hongminhee/x-forwarded-fetch@0.2.0": {
      "integrity": "8a347e061974e07b480e9461c7d84047e12e92c462fe7679a6f0f59b5c5f48d5"
    },
    "@hono/hono@4.8.2": {
      "integrity": "74fe4fb5392ecc757a6e1d63bc9af9194f720a82ef741e4080a51d7a32799511"
    },
    "@hono/hono@4.8.3": {
      "integrity": "f17509836610b97e9ec86bce5349387115c35ee72b7b29fd2b7944abe5f843ab"
    },
    "@hono/hono@4.8.12": {
      "integrity": "078037693c3ae9dece93ddd771d52ab61197231cc7633f741ac031eb3b28eb64"
    },
    "@hugoalh/http-header-link@1.0.3": {
      "integrity": "3372096a73d755e3351f7fbd7155db7725874c2682a594a655580e3866563024",
      "dependencies": [
        "jsr:@hugoalh/is-string-singleline"
      ]
    },
    "@hugoalh/is-string-singleline@1.0.5": {
      "integrity": "3409f64eaad51e4afccea0f21853cedf7b0b5b147e3606e585e5e88ba2b03b32"
    },
    "@logtape/logtape@1.0.4": {
      "integrity": "6ada87764d995b1033c352a17fd9e20b217f3672083bc2d8debe356eac03fe10"
    },
    "@std/html@0.224.2": {
      "integrity": "2f7bfd71081fad988af9ce991750ed1574917dc8e6fae0e151987ea020d1e21a"
    }
  },
  "npm": {
    "@babel/generator@7.28.0": {
      "integrity": "sha512-lJjzvrbEeWrhB4P3QBsH7tey117PjLZnDbLiQEKjQ/fNJTjuq4HSqgFA+UNSwZT8D7dxxbnuSBMsa1lrWzKlQg==",
      "dependencies": [
        "@babel/parser",
        "@babel/types",
        "@jridgewell/gen-mapping",
        "@jridgewell/trace-mapping",
        "jsesc"
      ]
    },
    "@babel/helper-string-parser@7.27.1": {
      "integrity": "sha512-qMlSxKbpRlAridDExk92nSobyDdpPijUq2DW6oDnUqd0iOGxmQjyqhMIihI9+zv4LPyZdRje2cavWPbCbWm3eA=="
    },
    "@babel/helper-validator-identifier@7.27.1": {
      "integrity": "sha512-D2hP9eA+Sqx1kBZgzxZh0y1trbuU+JoDkiEwqhQ36nodYqJwyEIhPSdMNd7lOm/4io72luTPWH20Yda0xOuUow=="
    },
    "@babel/parser@7.28.0": {
      "integrity": "sha512-jVZGvOxOuNSsuQuLRTh13nU0AogFlw32w/MT+LV6D3sP5WdbW61E77RnkbaO2dUvmPAYrBDJXGn5gGS6tH4j8g==",
      "dependencies": [
        "@babel/types"
      ],
      "bin": true
    },
    "@babel/types@7.28.2": {
      "integrity": "sha512-ruv7Ae4J5dUYULmeXw1gmb7rYRz57OWCPM57pHojnLq/3Z1CK2lNSLTCVjxVk1F/TZHwOZZrOWi0ur95BbLxNQ==",
      "dependencies": [
        "@babel/helper-string-parser",
        "@babel/helper-validator-identifier"
      ]
    },
    "@digitalbazaar/http-client@3.4.1_ky@0.33.3": {
      "integrity": "sha512-Ahk1N+s7urkgj7WvvUND5f8GiWEPfUw0D41hdElaqLgu8wZScI8gdI0q+qWw5N1d35x7GCRH2uk9mi+Uzo9M3g==",
      "dependencies": [
        "ky",
        "ky-universal",
        "undici"
      ]
    },
    "@emnapi/core@1.4.5": {
      "integrity": "sha512-XsLw1dEOpkSX/WucdqUhPWP7hDxSvZiY+fsUC14h+FtQ2Ifni4znbBt8punRX+Uj2JG/uDb8nEHVKvrVlvdZ5Q==",
      "dependencies": [
        "@emnapi/wasi-threads",
        "tslib"
      ]
    },
    "@emnapi/runtime@1.4.5": {
      "integrity": "sha512-++LApOtY0pEEz1zrd9vy1/zXVaVJJ/EbAF3u0fXIzPJEDtnITsBGbbK0EkM72amhl/R5b+5xx0Y/QhcVOpuulg==",
      "dependencies": [
        "tslib"
      ]
    },
    "@emnapi/wasi-threads@1.0.4": {
      "integrity": "sha512-PJR+bOmMOPH8AtcTGAyYNiuJ3/Fcoj2XN/gBEWzDIKh254XO+mM9XoXHk5GNEhodxeMznbg7BlRojVbKN+gC6g==",
      "dependencies": [
        "tslib"
      ]
    },
    "@esbuild/aix-ppc64@0.25.3": {
      "integrity": "sha512-W8bFfPA8DowP8l//sxjJLSLkD8iEjMc7cBVyP+u4cEv9sM7mdUCkgsj+t0n/BWPFtv7WWCN5Yzj0N6FJNUUqBQ==",
      "os": ["aix"],
      "cpu": ["ppc64"]
    },
    "@esbuild/android-arm64@0.25.3": {
      "integrity": "sha512-XelR6MzjlZuBM4f5z2IQHK6LkK34Cvv6Rj2EntER3lwCBFdg6h2lKbtRjpTTsdEjD/WSe1q8UyPBXP1x3i/wYQ==",
      "os": ["android"],
      "cpu": ["arm64"]
    },
    "@esbuild/android-arm@0.25.3": {
      "integrity": "sha512-PuwVXbnP87Tcff5I9ngV0lmiSu40xw1At6i3GsU77U7cjDDB4s0X2cyFuBiDa1SBk9DnvWwnGvVaGBqoFWPb7A==",
      "os": ["android"],
      "cpu": ["arm"]
    },
    "@esbuild/android-x64@0.25.3": {
      "integrity": "sha512-ogtTpYHT/g1GWS/zKM0cc/tIebFjm1F9Aw1boQ2Y0eUQ+J89d0jFY//s9ei9jVIlkYi8AfOjiixcLJSGNSOAdQ==",
      "os": ["android"],
      "cpu": ["x64"]
    },
    "@esbuild/darwin-arm64@0.25.3": {
      "integrity": "sha512-eESK5yfPNTqpAmDfFWNsOhmIOaQA59tAcF/EfYvo5/QWQCzXn5iUSOnqt3ra3UdzBv073ykTtmeLJZGt3HhA+w==",
      "os": ["darwin"],
      "cpu": ["arm64"]
    },
    "@esbuild/darwin-x64@0.25.3": {
      "integrity": "sha512-Kd8glo7sIZtwOLcPbW0yLpKmBNWMANZhrC1r6K++uDR2zyzb6AeOYtI6udbtabmQpFaxJ8uduXMAo1gs5ozz8A==",
      "os": ["darwin"],
      "cpu": ["x64"]
    },
    "@esbuild/freebsd-arm64@0.25.3": {
      "integrity": "sha512-EJiyS70BYybOBpJth3M0KLOus0n+RRMKTYzhYhFeMwp7e/RaajXvP+BWlmEXNk6uk+KAu46j/kaQzr6au+JcIw==",
      "os": ["freebsd"],
      "cpu": ["arm64"]
    },
    "@esbuild/freebsd-x64@0.25.3": {
      "integrity": "sha512-Q+wSjaLpGxYf7zC0kL0nDlhsfuFkoN+EXrx2KSB33RhinWzejOd6AvgmP5JbkgXKmjhmpfgKZq24pneodYqE8Q==",
      "os": ["freebsd"],
      "cpu": ["x64"]
    },
    "@esbuild/linux-arm64@0.25.3": {
      "integrity": "sha512-xCUgnNYhRD5bb1C1nqrDV1PfkwgbswTTBRbAd8aH5PhYzikdf/ddtsYyMXFfGSsb/6t6QaPSzxtbfAZr9uox4A==",
      "os": ["linux"],
      "cpu": ["arm64"]
    },
    "@esbuild/linux-arm@0.25.3": {
      "integrity": "sha512-dUOVmAUzuHy2ZOKIHIKHCm58HKzFqd+puLaS424h6I85GlSDRZIA5ycBixb3mFgM0Jdh+ZOSB6KptX30DD8YOQ==",
      "os": ["linux"],
      "cpu": ["arm"]
    },
    "@esbuild/linux-ia32@0.25.3": {
      "integrity": "sha512-yplPOpczHOO4jTYKmuYuANI3WhvIPSVANGcNUeMlxH4twz/TeXuzEP41tGKNGWJjuMhotpGabeFYGAOU2ummBw==",
      "os": ["linux"],
      "cpu": ["ia32"]
    },
    "@esbuild/linux-loong64@0.25.3": {
      "integrity": "sha512-P4BLP5/fjyihmXCELRGrLd793q/lBtKMQl8ARGpDxgzgIKJDRJ/u4r1A/HgpBpKpKZelGct2PGI4T+axcedf6g==",
      "os": ["linux"],
      "cpu": ["loong64"]
    },
    "@esbuild/linux-mips64el@0.25.3": {
      "integrity": "sha512-eRAOV2ODpu6P5divMEMa26RRqb2yUoYsuQQOuFUexUoQndm4MdpXXDBbUoKIc0iPa4aCO7gIhtnYomkn2x+bag==",
      "os": ["linux"],
      "cpu": ["mips64el"]
    },
    "@esbuild/linux-ppc64@0.25.3": {
      "integrity": "sha512-ZC4jV2p7VbzTlnl8nZKLcBkfzIf4Yad1SJM4ZMKYnJqZFD4rTI+pBG65u8ev4jk3/MPwY9DvGn50wi3uhdaghg==",
      "os": ["linux"],
      "cpu": ["ppc64"]
    },
    "@esbuild/linux-riscv64@0.25.3": {
      "integrity": "sha512-LDDODcFzNtECTrUUbVCs6j9/bDVqy7DDRsuIXJg6so+mFksgwG7ZVnTruYi5V+z3eE5y+BJZw7VvUadkbfg7QA==",
      "os": ["linux"],
      "cpu": ["riscv64"]
    },
    "@esbuild/linux-s390x@0.25.3": {
      "integrity": "sha512-s+w/NOY2k0yC2p9SLen+ymflgcpRkvwwa02fqmAwhBRI3SC12uiS10edHHXlVWwfAagYSY5UpmT/zISXPMW3tQ==",
      "os": ["linux"],
      "cpu": ["s390x"]
    },
    "@esbuild/linux-x64@0.25.3": {
      "integrity": "sha512-nQHDz4pXjSDC6UfOE1Fw9Q8d6GCAd9KdvMZpfVGWSJztYCarRgSDfOVBY5xwhQXseiyxapkiSJi/5/ja8mRFFA==",
      "os": ["linux"],
      "cpu": ["x64"]
    },
    "@esbuild/netbsd-arm64@0.25.3": {
      "integrity": "sha512-1QaLtOWq0mzK6tzzp0jRN3eccmN3hezey7mhLnzC6oNlJoUJz4nym5ZD7mDnS/LZQgkrhEbEiTn515lPeLpgWA==",
      "os": ["netbsd"],
      "cpu": ["arm64"]
    },
    "@esbuild/netbsd-x64@0.25.3": {
      "integrity": "sha512-i5Hm68HXHdgv8wkrt+10Bc50zM0/eonPb/a/OFVfB6Qvpiirco5gBA5bz7S2SHuU+Y4LWn/zehzNX14Sp4r27g==",
      "os": ["netbsd"],
      "cpu": ["x64"]
    },
    "@esbuild/openbsd-arm64@0.25.3": {
      "integrity": "sha512-zGAVApJEYTbOC6H/3QBr2mq3upG/LBEXr85/pTtKiv2IXcgKV0RT0QA/hSXZqSvLEpXeIxah7LczB4lkiYhTAQ==",
      "os": ["openbsd"],
      "cpu": ["arm64"]
    },
    "@esbuild/openbsd-x64@0.25.3": {
      "integrity": "sha512-fpqctI45NnCIDKBH5AXQBsD0NDPbEFczK98hk/aa6HJxbl+UtLkJV2+Bvy5hLSLk3LHmqt0NTkKNso1A9y1a4w==",
      "os": ["openbsd"],
      "cpu": ["x64"]
    },
    "@esbuild/sunos-x64@0.25.3": {
      "integrity": "sha512-ROJhm7d8bk9dMCUZjkS8fgzsPAZEjtRJqCAmVgB0gMrvG7hfmPmz9k1rwO4jSiblFjYmNvbECL9uhaPzONMfgA==",
      "os": ["sunos"],
      "cpu": ["x64"]
    },
    "@esbuild/win32-arm64@0.25.3": {
      "integrity": "sha512-YWcow8peiHpNBiIXHwaswPnAXLsLVygFwCB3A7Bh5jRkIBFWHGmNQ48AlX4xDvQNoMZlPYzjVOQDYEzWCqufMQ==",
      "os": ["win32"],
      "cpu": ["arm64"]
    },
    "@esbuild/win32-ia32@0.25.3": {
      "integrity": "sha512-qspTZOIGoXVS4DpNqUYUs9UxVb04khS1Degaw/MnfMe7goQ3lTfQ13Vw4qY/Nj0979BGvMRpAYbs/BAxEvU8ew==",
      "os": ["win32"],
      "cpu": ["ia32"]
    },
    "@esbuild/win32-x64@0.25.3": {
      "integrity": "sha512-ICgUR+kPimx0vvRzf+N/7L7tVSQeE3BYY+NhHRHXS1kBuPO7z2+7ea2HbhDyZdTephgvNvKrlDDKUexuCVBVvg==",
      "os": ["win32"],
      "cpu": ["x64"]
    },
    "@fastify/busboy@2.1.1": {
      "integrity": "sha512-vBZP4NlzfOlerQTnba4aqZoMhE/a9HY7HRqoOPaETQcSQuWEIyZMHGfVu6w9wGtGK5fED5qRs2DteVCjOH60sA=="
    },
    "@fedify/markdown-it-hashtag@0.3.0": {
      "integrity": "sha512-DCtfQ1OlFstob382d2iwEi77ezNqDQkUjS664q2r7ZOQQkBExvgvKDkL851tf1XRYp4A425/HO2yGRLZ1u1pSg==",
      "dependencies": [
        "markdown-it"
      ]
    },
    "@fedify/markdown-it-mention@0.3.0": {
      "integrity": "sha512-4uVELsxh9AW0hzC6BVFqN59YWj6M/p6AZpwb/CQDjvcinfHyQp2yYtGDV4fBgsE5WC/ukpvU1pBNH20ts8TK4w==",
      "dependencies": [
        "markdown-it"
      ]
    },
    "@jridgewell/gen-mapping@0.3.12": {
      "integrity": "sha512-OuLGC46TjB5BbN1dH8JULVVZY4WTdkF7tV9Ys6wLL1rubZnCMstOhNHueU5bLCrnRuDhKPDM4g6sw4Bel5Gzqg==",
      "dependencies": [
        "@jridgewell/sourcemap-codec",
        "@jridgewell/trace-mapping"
      ]
    },
    "@jridgewell/resolve-uri@3.1.2": {
      "integrity": "sha512-bRISgCIjP20/tbWSPWMEi54QVPRZExkuD9lJL+UIxUKtwVJA8wW1Trb1jMs1RFXo1CBTNZ/5hpC9QvmKWdopKw=="
    },
    "@jridgewell/sourcemap-codec@1.5.4": {
      "integrity": "sha512-VT2+G1VQs/9oz078bLrYbecdZKs912zQlkelYpuf+SXF+QvZDYJlbx/LSx+meSAwdDFnF8FVXW92AVjjkVmgFw=="
    },
    "@jridgewell/trace-mapping@0.3.29": {
      "integrity": "sha512-uw6guiW/gcAGPDhLmd77/6lW8QLeiV5RUTsAX46Db6oLhGaVj4lhnPwb184s1bkc8kdVg/+h988dro8GRDpmYQ==",
      "dependencies": [
        "@jridgewell/resolve-uri",
        "@jridgewell/sourcemap-codec"
      ]
    },
    "@js-temporal/polyfill@0.5.1": {
      "integrity": "sha512-hloP58zRVCRSpgDxmqCWJNlizAlUgJFqG2ypq79DCvyv9tHjRYMDOcPFjzfl/A1/YxDvRCZz8wvZvmapQnKwFQ==",
      "dependencies": [
        "jsbi"
      ]
    },
    "@logtape/logtape@1.0.4": {
      "integrity": "sha512-YvNVrXIxVpnY528zoiEjX8PqTfr0UCtKXyssvaWL8AE+OByFTCooKuKMdPlm6g65YUI9fPXrHn4UnogSskABnA=="
    },
    "@multiformats/base-x@4.0.1": {
      "integrity": "sha512-eMk0b9ReBbV23xXU693TAIrLyeO5iTgBZGSJfpqriG8UkYvr/hC9u9pyMlAakDNHWmbhMZCDs6KQO0jzKD8OTw=="
    },
    "@napi-rs/wasm-runtime@1.0.1": {
      "integrity": "sha512-KVlQ/jgywZpixGCKMNwxStmmbYEMyokZpCf2YuIChhfJA2uqfAKNEM8INz7zzTo55iEXfBhIIs3VqYyqzDLj8g==",
      "dependencies": [
        "@emnapi/core",
        "@emnapi/runtime",
        "@tybys/wasm-util"
      ]
    },
    "@noble/hashes@1.8.0": {
      "integrity": "sha512-jCs9ldd7NwzpgXDIf6P3+NrHh9/sD6CQdxHyjQI+h/6rDNo88ypBxxz45UDuZHz9r3tNz7N/VInSVoVdtXEI4A=="
    },
    "@opentelemetry/api@1.9.0": {
      "integrity": "sha512-3giAOQvZiH5F9bMlMiv8+GSPMeqg0dbaeo58/0SlA9sxSqZhnUtxzX9/2FzyhS9sWQf5S0GJE0AKBrFqjpeYcg=="
    },
    "@opentelemetry/semantic-conventions@1.36.0": {
      "integrity": "sha512-TtxJSRD8Ohxp6bKkhrm27JRHAxPczQA7idtcTOMYI+wQRRrfgqxHv1cFbCApcSnNjtXkmzFozn6jQtFrOmbjPQ=="
    },
    "@oxc-project/runtime@0.77.3": {
      "integrity": "sha512-vsC/ewcGJ7xXnnwZkku7rpPH5Lxb5g4J+V6lD9eBTnRLmXVXM7Qu50y+ozD+UD5IXaSoVOvVMGTT4YSNCz2MQQ=="
    },
    "@oxc-project/types@0.77.3": {
      "integrity": "sha512-5Vh+neJhhxuF0lYCjZXbxjqm2EO6YJ1jG+KuHntrd6VY67OMpYhWq2cZhUhy+xL9qLJVJRaeII7Xj9fciA6v7A=="
    },
    "@phensley/language-tag@1.13.0": {
      "integrity": "sha512-udnMJq6cXwsJ8gCO9jK162uPNTSOsjirhu54JO1xJTZE6QNrgbkn+HVi8SDxUYTsyYzbRhWFVVAnrMAcrLIhPQ==",
      "dependencies": [
        "tslib"
      ]
    },
    "@quansync/fs@0.1.3": {
      "integrity": "sha512-G0OnZbMWEs5LhDyqy2UL17vGhSVHkQIfVojMtEWVenvj0V5S84VBgy86kJIuNsGDp2p7sTKlpSIpBUWdC35OKg==",
      "dependencies": [
        "quansync"
      ]
    },
    "@rolldown/binding-android-arm64@1.0.0-beta.29": {
      "integrity": "sha512-pDv7gg59Gdy80eFmMkEqXEaoJi3Y9W/a9T3z9M4t8Ma8aVXNldvSy9UgtlX7AK7DPqF8tULnmIZ2Z3rvGMz/NQ==",
      "os": ["android"],
      "cpu": ["arm64"]
    },
    "@rolldown/binding-darwin-arm64@1.0.0-beta.29": {
      "integrity": "sha512-fPqR6TfTqbzgKKCQYtcCS+Dms91YcptTbdlwJ13DxOUgMe8LgDIVsLLlEykfm7ijJd5mM4zNw0Hr2CJb6kvQZw==",
      "os": ["darwin"],
      "cpu": ["arm64"]
    },
    "@rolldown/binding-darwin-x64@1.0.0-beta.29": {
      "integrity": "sha512-7Z4qosL0xN8i6++txHOEPCVP3/lcGLOvftUJOWATZ5aDkDskwcZDa66BGiJt/K1/DgW4kpRVmnGWUWAORHBbFA==",
      "os": ["darwin"],
      "cpu": ["x64"]
    },
    "@rolldown/binding-freebsd-x64@1.0.0-beta.29": {
      "integrity": "sha512-0HLTfPW5Glh608s76qgayN/nPsXPchNUumavf7W5nh1eMG6qBsOO7Q1QaK0v4un7qtsn3IA/1Tgq0ZgNc0dbeg==",
      "os": ["freebsd"],
      "cpu": ["x64"]
    },
    "@rolldown/binding-linux-arm-gnueabihf@1.0.0-beta.29": {
      "integrity": "sha512-QNboxdVTJOZS4zP8kA2+XUwAegejd5QNSH5zVR4neqG2AfbxRcMFzSVRkJHN6yDaaKweD/4sUvXfmef6p/7zsw==",
      "os": ["linux"],
      "cpu": ["arm"]
    },
    "@rolldown/binding-linux-arm64-gnu@1.0.0-beta.29": {
      "integrity": "sha512-hzBmOtYdC4369XxN2SNJ3oBlXKWNif3ieWBT+oh/qvAeox4fQR0ngqyh+kIGOufBnP5Zc2rqJf9LzIbJw3Tx/Q==",
      "os": ["linux"],
      "cpu": ["arm64"]
    },
    "@rolldown/binding-linux-arm64-musl@1.0.0-beta.29": {
      "integrity": "sha512-6B35GmFJJ4RX88OgubrnUmuJBUgRh6/OTXIpy8m/VUnoc683lufIPo26HW/0LxLgxp2GM7KHr3LOULcVxbqq4Q==",
      "os": ["linux"],
      "cpu": ["arm64"]
    },
    "@rolldown/binding-linux-arm64-ohos@1.0.0-beta.29": {
      "integrity": "sha512-z3ru8fUCunQM8q9I7RbDVMT5cxzxVVVBNNKM5/qAQQrdObd1u8g0LR5z0yLtaFWzybwLVdPtJDRcXtLm5tOBFA==",
      "os": ["openharmony"],
      "cpu": ["arm64"]
    },
    "@rolldown/binding-linux-x64-gnu@1.0.0-beta.29": {
      "integrity": "sha512-n6fs4L7j99MIiI6vKhQDdyScv4/uMAPtIMkB0zGbUX8MKWT1osym1hvWVdlENjnS/Phf0zzhjyOgoFDzdhI1cQ==",
      "os": ["linux"],
      "cpu": ["x64"]
    },
    "@rolldown/binding-linux-x64-musl@1.0.0-beta.29": {
      "integrity": "sha512-C5hcJgtDN4rp6/WsPTQSDVUWrdnIC//ynMGcUIh1O0anm9KnSy47zKQ5D9EqtlEKvO+2PPqmyUVJ2DTq18nlVA==",
      "os": ["linux"],
      "cpu": ["x64"]
    },
    "@rolldown/binding-wasm32-wasi@1.0.0-beta.29": {
      "integrity": "sha512-lMN1IBItdZFO182Sdus9oVuNDqyIymn/bsR5KwgeGaiqLsrmpQHBSLwkS/nKJO1nzYlpGDRugFSpnrSJ5ZmihQ==",
      "dependencies": [
        "@napi-rs/wasm-runtime"
      ],
      "cpu": ["wasm32"]
    },
    "@rolldown/binding-win32-arm64-msvc@1.0.0-beta.29": {
      "integrity": "sha512-0UrXCUAOrbWdyVJskzjtne/4d3YMMhhhpBnob3SeF4jAvbKYqPhCZJ71pP7yUpvbowGXXTnHWpKfitg4Sovmtw==",
      "os": ["win32"],
      "cpu": ["arm64"]
    },
    "@rolldown/binding-win32-ia32-msvc@1.0.0-beta.29": {
      "integrity": "sha512-YX0OYL1dcB7rPnsndpEa68fytYyZZj1iaWzH7momFB2oBS2lXAe1UrrDWcdLoUXdzPIyzpvtBCiS2XcDgYG7ag==",
      "os": ["win32"],
      "cpu": ["ia32"]
    },
    "@rolldown/binding-win32-x64-msvc@1.0.0-beta.29": {
      "integrity": "sha512-azrPWbV+NZiCFNs59AgH9Y6vFKHoAI6T/XtKKsoLxkPyP1LpbdgL5eqRfeWz+GCAUY9qhDOC4hH1GjFG8PrZIg==",
      "os": ["win32"],
      "cpu": ["x64"]
    },
    "@rolldown/pluginutils@1.0.0-beta.29": {
      "integrity": "sha512-NIJgOsMjbxAXvoGq/X0gD7VPMQ8j9g0BiDaNjVNVjvl+iKXxL3Jre0v31RmBYeLEmkbj2s02v8vFTbUXi5XS2Q=="
    },
    "@tybys/wasm-util@0.10.0": {
      "integrity": "sha512-VyyPYFlOMNylG45GoAe0xDoLwWuowvf92F9kySqzYh8vmYm7D2u4iUJKa1tOUpS70Ku13ASrOkS4ScXFsTaCNQ==",
      "dependencies": [
        "tslib"
      ]
    },
    "@types/linkify-it@5.0.0": {
      "integrity": "sha512-sVDA58zAw4eWAffKOaQH5/5j3XeayukzDk+ewSsnv3p4yJEZHCCzMDiZM8e0OUrRvmpGZ85jf4yDHkHsgBNr9Q=="
    },
    "@types/markdown-it@14.1.2": {
      "integrity": "sha512-promo4eFwuiW+TfGxhi+0x3czqTYJkG8qB17ZUJiVF10Xm7NLVRSLUsfRTU/6h1e24VvRnXCx+hG7li58lkzog==",
      "dependencies": [
        "@types/linkify-it",
        "@types/mdurl"
      ]
    },
    "@types/mdurl@2.0.0": {
      "integrity": "sha512-RGdgjQUZba5p6QEFAVx2OGb8rQDL/cPRG7GiedRzMcJ1tYnUANBncjbSB1NRGwbvjcPeikRABz2nshyPk1bhWg=="
    },
    "@types/node@22.15.3": {
      "integrity": "sha512-lX7HFZeHf4QG/J7tBZqrCAXwz9J5RD56Y6MpP0eJkka8p+K0RY/yBTW7CYFJ4VGCclxqOLKmiGP5juQc6MKgcw==",
      "dependencies": [
        "undici-types"
      ]
    },
    "abort-controller@3.0.0": {
      "integrity": "sha512-h8lQ8tacZYnR3vNQTgibj+tODHI5/+l06Au2Pcriv/Gmet0eaj4TwWH41sO9wnHDiQsEj19q0drzdWdeAHtweg==",
      "dependencies": [
        "event-target-shim"
      ]
    },
    "ansis@4.1.0": {
      "integrity": "sha512-BGcItUBWSMRgOCe+SVZJ+S7yTRG0eGt9cXAHev72yuGcY23hnLA7Bky5L/xLyPINoSN95geovfBkqoTlNZYa7w=="
    },
    "argparse@2.0.1": {
      "integrity": "sha512-8+9WqebbFzpX9OR+Wa6O29asIogeRMzcGtAINdpMHHyAg10f05aSFVBbcEqGf/PXw1EjAZ+q2/bEBg3DvurK3Q=="
    },
    "asn1js@3.0.6": {
      "integrity": "sha512-UOCGPYbl0tv8+006qks/dTgV9ajs97X2p0FAbyS2iyCRrmLSRolDaHdp+v/CLgnzHc3fVB+CwYiUmei7ndFcgA==",
      "dependencies": [
        "pvtsutils",
        "pvutils",
        "tslib"
      ]
    },
    "ast-kit@2.1.1": {
      "integrity": "sha512-mfh6a7gKXE8pDlxTvqIc/syH/P3RkzbOF6LeHdcKztLEzYe6IMsRCL7N8vI7hqTGWNxpkCuuRTpT21xNWqhRtQ==",
      "dependencies": [
        "@babel/parser",
        "pathe"
      ]
    },
    "birpc@2.5.0": {
      "integrity": "sha512-VSWO/W6nNQdyP520F1mhf+Lc2f8pjGQOtoHHm7Ze8Go1kX7akpVIrtTa0fn+HB0QJEDVacl6aO08YE0PgXfdnQ=="
    },
    "byte-encodings@1.0.11": {
      "integrity": "sha512-+/xR2+ySc2yKGtud3DGkGSH1DNwHfRVK0KTnMhoeH36/KwG+tHQ4d9B3jxJFq7dW27YcfudkywaYJRPA2dmxzg=="
    },
    "bytestreamjs@2.0.1": {
      "integrity": "sha512-U1Z/ob71V/bXfVABvNr/Kumf5VyeQRBEm6Txb0PQ6S7V5GpBM3w4Cbqz/xPDicR5tN0uvDifng8C+5qECeGwyQ=="
    },
    "cac@6.7.14": {
      "integrity": "sha512-b6Ilus+c3RrdDk+JhLKUAQfzzgLEPy6wcXqS7f/xe1EETvsDP6GORG7SFuOs6cID5YkqchW/LXZbX5bc8j7ZcQ=="
    },
    "canonicalize@1.0.8": {
      "integrity": "sha512-0CNTVCLZggSh7bc5VkX5WWPWO+cyZbNd07IHIsSXLia/eAq+r836hgk+8BKoEh7949Mda87VUOitx5OddVj64A=="
    },
    "chokidar@4.0.3": {
      "integrity": "sha512-Qgzu8kfBvo+cA4962jnP1KkS6Dop5NS6g7R5LFYJr4b8Ub94PPQXUksCw9PvXoeXPRRddRNC5C1JQUR2SMGtnA==",
      "dependencies": [
        "readdirp"
      ]
    },
    "commander@2.20.3": {
      "integrity": "sha512-GpVkmM8vF2vQUkj2LvZmD35JxeJOLCwJ9cUkugyk2nuhbv3+mJvpLYYt+0+USMxE+oj+ey/lJEnhZw75x/OMcQ=="
    },
    "cssfilter@0.0.10": {
      "integrity": "sha512-FAaLDaplstoRsDR8XGYH51znUN0UY7nMc6Z9/fvE8EXGwvJE9hu7W2vHwx1+bd6gCYnln9nLbzxFTrcO9YQDZw=="
    },
    "data-uri-to-buffer@4.0.1": {
      "integrity": "sha512-0R9ikRb668HB7QDxT1vkpuUBtqc53YyAwMwGeUFKRojY/NWKvdZ+9UYtRfGmhqNbRkTSVpMbmyhXipFFv2cb/A=="
    },
    "debug@4.4.1": {
      "integrity": "sha512-KcKCqiftBJcZr++7ykoDIEwSa3XWowTfNPo92BYxjXiyYEVrUQh2aLyhxBCwww+heortUFxEJYcRzosstTEBYQ==",
      "dependencies": [
        "ms"
      ]
    },
    "defu@6.1.4": {
      "integrity": "sha512-mEQCMmwJu317oSz8CwdIOdwf3xMif1ttiM8LTufzc3g6kR+9Pe236twL8j3IYT1F7GfRgGcW6MWxzZjLIkuHIg=="
    },
    "diff@8.0.2": {
      "integrity": "sha512-sSuxWU5j5SR9QQji/o2qMvqRNYRDOcBTgsJ/DeCf4iSN4gW+gNMXM7wFIP+fdXZxoNiAnHUTGjCr+TSWXdRDKg=="
    },
    "dts-resolver@2.1.1": {
      "integrity": "sha512-3BiGFhB6mj5Kv+W2vdJseQUYW+SKVzAFJL6YNP6ursbrwy1fXHRotfHi3xLNxe4wZl/K8qbAFeCDjZLjzqxxRw=="
    },
    "empathic@2.0.0": {
      "integrity": "sha512-i6UzDscO/XfAcNYD75CfICkmfLedpyPDdozrLMmQc5ORaQcdMoc21OnlEylMIqI7U8eniKrPMxxtj8k0vhmJhA=="
    },
    "entities@4.5.0": {
      "integrity": "sha512-V0hjH4dGPh9Ao5p0MoRY6BVqtwCjhz6vI5LT8AJ55H+4g9/4vbHx1I54fS0XuclLhDHArPQCiMjDxjaL8fPxhw=="
    },
    "event-target-shim@5.0.1": {
      "integrity": "sha512-i/2XbnSz/uxRCU6+NdVJgKWDTM427+MqYbkQzD321DuCQJUqOuJKIA0IM2+W2xtYHdKOmZ4dR6fExsd4SXL+WQ=="
    },
    "fdir@6.4.6_picomatch@4.0.3": {
      "integrity": "sha512-hiFoqpyZcfNm1yc4u8oWCf9A2c4D3QjCrks3zmoVKVxpQRzmPNar1hUJcBG2RQHvEVGDN+Jm81ZheVLAQMK6+w==",
      "dependencies": [
        "picomatch"
      ],
      "optionalPeers": [
        "picomatch"
      ]
    },
    "fetch-blob@3.2.0": {
      "integrity": "sha512-7yAQpD2UMJzLi1Dqv7qFYnPbaPx7ZfFK6PiIxQ4PfkGPyNyl2Ugx+a/umUonmKqjhM4DnfbMvdX6otXq83soQQ==",
      "dependencies": [
        "node-domexception",
        "web-streams-polyfill"
      ]
    },
    "formdata-polyfill@4.0.10": {
      "integrity": "sha512-buewHzMvYL29jdeQTVILecSaZKnt/RJWjoZCF5OW60Z67/GmSLBkOFM7qh1PI3zFNtJbaZL5eQu1vLfazOwj4g==",
      "dependencies": [
        "fetch-blob"
      ]
    },
    "fsevents@2.3.3": {
      "integrity": "sha512-5xoDfX+fL7faATnagmWPpbFtwh/R77WmMMqqHGS65C3vvB0YHrgF+B1YmZ3441tMj5n63k0212XNoJwzlhffQw==",
      "os": ["darwin"],
      "scripts": true
    },
    "get-tsconfig@4.10.1": {
      "integrity": "sha512-auHyJ4AgMz7vgS8Hp3N6HXSmlMdUyhSUrfBF16w153rxtLIEOE+HGqaBppczZvnHLqQJfiHotCYpNhl0lUROFQ==",
      "dependencies": [
        "resolve-pkg-maps"
      ]
    },
    "hookable@5.5.3": {
      "integrity": "sha512-Yc+BQe8SvoXH1643Qez1zqLRmbA5rCL+sSmk6TVos0LWVfNIB7PGncdlId77WzLGSIB5KaWgTaNTs2lNVEI6VQ=="
    },
    "html-entities@2.6.0": {
      "integrity": "sha512-kig+rMn/QOVRvr7c86gQ8lWXq+Hkv6CbAH1hLu+RG338StTpE8Z0b44SDVaqVu7HGKf27frdmUYEs9hTUX/cLQ=="
    },
    "jiti@2.5.1": {
      "integrity": "sha512-twQoecYPiVA5K/h6SxtORw/Bs3ar+mLUtoPSc7iMXzQzK8d7eJ/R09wmTwAjiamETn1cXYPGfNnu7DMoHgu12w==",
      "bin": true
    },
    "jsbi@4.3.2": {
      "integrity": "sha512-9fqMSQbhJykSeii05nxKl4m6Eqn2P6rOlYiS+C5Dr/HPIU/7yZxu5qzbs40tgaFORiw2Amd0mirjxatXYMkIew=="
    },
    "jsesc@3.1.0": {
      "integrity": "sha512-/sM3dO2FOzXjKQhJuo0Q173wf2KOo8t4I8vHy6lF9poUp7bKT0/NHE8fPX23PwfhnykfqnC2xRxOnVw5XuGIaA==",
      "bin": true
    },
    "json-canon@1.0.1": {
      "integrity": "sha512-PQcj4PFOTAQxE8PgoQ4KrM0DcKWZd7S3ELOON8rmysl9I8JuFMgxu1H9v+oZsTPjjkpeS3IHPwLjr7d+gKygnw=="
    },
    "jsonld@8.3.3": {
      "integrity": "sha512-9YcilrF+dLfg9NTEof/mJLMtbdX1RJ8dbWtJgE00cMOIohb1lIyJl710vFiTaiHTl6ZYODJuBd32xFvUhmv3kg==",
      "dependencies": [
        "@digitalbazaar/http-client",
        "canonicalize",
        "lru-cache",
        "rdf-canonize"
      ]
    },
    "ky-universal@0.11.0_ky@0.33.3": {
      "integrity": "sha512-65KyweaWvk+uKKkCrfAf+xqN2/epw1IJDtlyCPxYffFCMR8u1sp2U65NtWpnozYfZxQ6IUzIlvUcw+hQ82U2Xw==",
      "dependencies": [
        "abort-controller",
        "ky",
        "node-fetch"
      ]
    },
    "ky@0.33.3": {
      "integrity": "sha512-CasD9OCEQSFIam2U8efFK81Yeg8vNMTBUqtMOHlrcWQHqUX3HeCl9Dr31u4toV7emlH8Mymk5+9p0lL6mKb/Xw=="
    },
    "linkify-it@5.0.0": {
      "integrity": "sha512-5aHCbzQRADcdP+ATqnDuhhJ/MRIqDkZX5pyjFHRRysS8vZ5AbqGEoFIb6pYHPZ+L/OC2Lc+xT8uHVVR5CAK/wQ==",
      "dependencies": [
        "uc.micro"
      ]
    },
    "lru-cache@6.0.0": {
      "integrity": "sha512-Jo6dJ04CmSjuznwJSS3pUeWmd/H0ffTlkXXgwZi+eq1UCmqQwCh+eLsYOYCwY991i2Fah4h1BEMCx4qThGbsiA==",
      "dependencies": [
        "yallist"
      ]
    },
    "markdown-it@14.1.0": {
      "integrity": "sha512-a54IwgWPaeBCAAsv13YgmALOF1elABB08FxO9i+r4VFk5Vl4pKokRPeX8u5TCgSsPi6ec1otfLjdOpVcgbpshg==",
      "dependencies": [
        "argparse",
        "entities",
        "linkify-it",
        "mdurl",
        "punycode.js",
        "uc.micro"
      ],
      "bin": true
    },
    "mdurl@2.0.0": {
      "integrity": "sha512-Lf+9+2r+Tdp5wXDXC4PcIBjTDtq4UKjCPMQhKIuzpJNW0b96kVqSwW0bT7FhRSfmAiFYgP+SCRvdrDozfh0U5w=="
    },
    "mime-db@1.54.0": {
      "integrity": "sha512-aU5EJuIN2WDemCcAp2vFBfp/m4EAhWJnUNSSw0ixs7/kXbd6Pg64EmwJkNdFhB8aWt1sH2CTXrLxo/iAGV3oPQ=="
    },
    "ms@2.1.3": {
      "integrity": "sha512-6FlzubTLZG3J2a/NVCAleEhjzq5oxgHyaCU9yYXvcLsvoVaHJq/s5xXI6/XXP6tz7R9xAOtHnSO/tXtF3WRTlA=="
    },
    "multicodec@3.2.1": {
      "integrity": "sha512-+expTPftro8VAW8kfvcuNNNBgb9gPeNYV9dn+z1kJRWF2vih+/S79f2RVeIwmrJBUJ6NT9IUPWnZDQvegEh5pw==",
      "dependencies": [
        "uint8arrays",
        "varint"
      ],
      "deprecated": true
    },
    "multiformats@9.9.0": {
      "integrity": "sha512-HoMUjhH9T8DDBNT+6xzkrd9ga/XiBI4xLr58LJACwK6G3HTOPeMz4nB4KJs33L2BelrIJa7P0VuNaVF3hMYfjg=="
    },
    "node-domexception@1.0.0": {
      "integrity": "sha512-/jKZoMpw0F8GRwl4/eLROPA3cfcXtLApP0QzLmUT/HuPCZWyB7IY9ZrMeKw2O/nFIqPQB3PVM9aYm0F312AXDQ==",
      "deprecated": true
    },
    "node-fetch@3.3.2": {
      "integrity": "sha512-dRB78srN/l6gqWulah9SrxeYnxeddIG30+GOqK/9OlLVyLg3HPnr6SqOWTWOXKRwC2eGYCkZ59NNuSgvSrpgOA==",
      "dependencies": [
        "data-uri-to-buffer",
        "fetch-blob",
        "formdata-polyfill"
      ]
    },
    "pathe@2.0.3": {
      "integrity": "sha512-WUjGcAqP1gQacoQe+OBJsFA7Ld4DyXuUIjZ5cc75cLHvJ7dtNsTugphxIADwspS+AraAUePCKrSVtPLFj/F88w=="
    },
    "picomatch@4.0.3": {
      "integrity": "sha512-5gTmgEY/sqK6gFXLIsQNH19lWb4ebPDLA4SdLP7dsWkIXHWlG66oPuVvXSGFPppYZz8ZDZq0dYYrbHfBCVUb1Q=="
    },
    "pkijs@3.2.5": {
      "integrity": "sha512-WX0la7n7CbnguuaIQoT4Fc0IJckPDOUldzOwlZ0nwpOcySS+Six/tXBdc0RX17J5o1To0SAr3xDJjDLsOfDFQA==",
      "dependencies": [
        "@noble/hashes",
        "asn1js",
        "bytestreamjs",
        "pvtsutils",
        "pvutils",
        "tslib"
      ]
    },
    "punycode.js@2.3.1": {
      "integrity": "sha512-uxFIHU0YlHYhDQtV4R9J6a52SLx28BCjT+4ieh7IGbgwVJWO+km431c4yRlREUAsAmt/uMjQUyQHNEPf0M39CA=="
    },
    "pvtsutils@1.3.6": {
      "integrity": "sha512-PLgQXQ6H2FWCaeRak8vvk1GW462lMxB5s3Jm673N82zI4vqtVUPuZdffdZbPDFRoU8kAhItWFtPCWiPpp4/EDg==",
      "dependencies": [
        "tslib"
      ]
    },
    "pvutils@1.1.3": {
      "integrity": "sha512-pMpnA0qRdFp32b1sJl1wOJNxZLQ2cbQx+k6tjNtZ8CpvVhNqEPRgivZ2WOUev2YMajecdH7ctUPDvEe87nariQ=="
    },
    "quansync@0.2.10": {
      "integrity": "sha512-t41VRkMYbkHyCYmOvx/6URnN80H7k4X0lLdBMGsz+maAwrJQYB1djpV6vHrQIBE0WBSGqhtEHrK9U3DWWH8v7A=="
    },
    "rdf-canonize@3.4.0": {
      "integrity": "sha512-fUeWjrkOO0t1rg7B2fdyDTvngj+9RlUyL92vOdiB7c0FPguWVsniIMjEtHH+meLBO9rzkUlUzBVXgWrjI8P9LA==",
      "dependencies": [
        "setimmediate"
      ]
    },
    "readdirp@4.1.2": {
      "integrity": "sha512-GDhwkLfywWL2s6vEjyhri+eXmfH6j1L7JE27WhqLeYzoh/A3DBaYGEj2H/HFZCn/kMfim73FXxEJTw06WtxQwg=="
    },
    "resolve-pkg-maps@1.0.0": {
      "integrity": "sha512-seS2Tj26TBVOC2NIc2rOe2y2ZO7efxITtLZcGSOnHHNOQ7CkiUBfw0Iw2ck6xkIhPwLhKNLS8BO+hEpngQlqzw=="
    },
    "rolldown-plugin-dts@0.13.14_rolldown@1.0.0-beta.29": {
      "integrity": "sha512-wjNhHZz9dlN6PTIXyizB6u/mAg1wEFMW9yw7imEVe3CxHSRnNHVyycIX0yDEOVJfDNISLPbkCIPEpFpizy5+PQ==",
      "dependencies": [
        "@babel/generator",
        "@babel/parser",
        "@babel/types",
        "ast-kit",
        "birpc",
        "debug",
        "dts-resolver",
        "get-tsconfig",
        "rolldown"
      ]
    },
    "rolldown@1.0.0-beta.29": {
      "integrity": "sha512-EsoOi8moHN6CAYyTZipxDDVTJn0j2nBCWor4wRU45RQ8ER2qREDykXLr3Ulz6hBh6oBKCFTQIjo21i0FXNo/IA==",
      "dependencies": [
        "@oxc-project/runtime",
        "@oxc-project/types",
        "@rolldown/pluginutils",
        "ansis"
      ],
      "optionalDependencies": [
        "@rolldown/binding-android-arm64",
        "@rolldown/binding-darwin-arm64",
        "@rolldown/binding-darwin-x64",
        "@rolldown/binding-freebsd-x64",
        "@rolldown/binding-linux-arm-gnueabihf",
        "@rolldown/binding-linux-arm64-gnu",
        "@rolldown/binding-linux-arm64-musl",
        "@rolldown/binding-linux-arm64-ohos",
        "@rolldown/binding-linux-x64-gnu",
        "@rolldown/binding-linux-x64-musl",
        "@rolldown/binding-wasm32-wasi",
        "@rolldown/binding-win32-arm64-msvc",
        "@rolldown/binding-win32-ia32-msvc",
        "@rolldown/binding-win32-x64-msvc"
      ],
      "bin": true
    },
    "semver@7.7.2": {
      "integrity": "sha512-RF0Fw+rO5AMf9MAyaRXI4AV0Ulj5lMHqVxxdSgiVbixSCXoEmmX/jk0CuJw4+3SqroYO9VoUh+HcuJivvtJemA==",
      "bin": true
    },
    "setimmediate@1.0.5": {
      "integrity": "sha512-MATJdZp8sLqDl/68LfQmbP8zKPLQNV6BIZoIgrscFDQ+RsvK/BxeDQOgyxKKoh0y/8h3BqVFnCqQ/gd+reiIXA=="
    },
    "structured-field-values@2.0.4": {
      "integrity": "sha512-5zpJXYLPwW3WYUD/D58tQjIBs10l3Yx64jZfcKGs/RH79E2t9Xm/b9+ydwdMNVSksnsIY+HR/2IlQmgo0AcTAg=="
    },
    "tinyexec@1.0.1": {
      "integrity": "sha512-5uC6DDlmeqiOwCPmK9jMSdOuZTh8bU39Ys6yidB+UTt5hfZUPGAypSgFRiEp+jbi9qH40BLDvy85jIU88wKSqw=="
    },
    "tinyglobby@0.2.14_picomatch@4.0.3": {
      "integrity": "sha512-tX5e7OM1HnYr2+a2C/4V0htOcSQcoSTH9KgJnVvNm5zm/cyEWKJ7j7YutsH9CxMdtOkkLFy2AHrMci9IM8IPZQ==",
      "dependencies": [
        "fdir",
        "picomatch"
      ]
    },
    "tsdown@0.12.9_rolldown@1.0.0-beta.29": {
      "integrity": "sha512-MfrXm9PIlT3saovtWKf/gCJJ/NQCdE0SiREkdNC+9Qy6UHhdeDPxnkFaBD7xttVUmgp0yUHtGirpoLB+OVLuLA==",
      "dependencies": [
        "ansis",
        "cac",
        "chokidar",
        "debug",
        "diff",
        "empathic",
        "hookable",
        "rolldown",
        "rolldown-plugin-dts",
        "semver",
        "tinyexec",
        "tinyglobby",
        "unconfig"
      ],
      "bin": true
    },
    "tslib@2.8.1": {
      "integrity": "sha512-oJFu94HQb+KVduSUQL7wnpmqnfmLsOA/nAh6b6EH0wCEoK0/mPeXU6c3wKDV83MkOuHPRHtSXKKU99IBazS/2w=="
    },
    "uc.micro@2.1.0": {
      "integrity": "sha512-ARDJmphmdvUk6Glw7y9DQ2bFkKBHwQHLi2lsaH6PPmz/Ka9sFOBsBluozhDltWmnv9u/cF6Rt87znRTPV+yp/A=="
    },
    "uint8arrays@3.1.1": {
      "integrity": "sha512-+QJa8QRnbdXVpHYjLoTpJIdCTiw9Ir62nocClWuXIq2JIh4Uta0cQsTSpFL678p2CN8B+XSApwcU+pQEqVpKWg==",
      "dependencies": [
        "multiformats"
      ]
    },
    "unconfig@7.3.2": {
      "integrity": "sha512-nqG5NNL2wFVGZ0NA/aCFw0oJ2pxSf1lwg4Z5ill8wd7K4KX/rQbHlwbh+bjctXL5Ly1xtzHenHGOK0b+lG6JVg==",
      "dependencies": [
        "@quansync/fs",
        "defu",
        "jiti",
        "quansync"
      ]
    },
    "undici-types@6.21.0": {
      "integrity": "sha512-iwDZqg0QAGrg9Rav5H4n0M64c3mkR59cJ6wQp+7C4nI0gsmExaedaYLNO44eT4AtBBwjbTiGPMlt2Md0T9H9JQ=="
    },
    "undici@5.29.0": {
      "integrity": "sha512-raqeBD6NQK4SkWhQzeYKd1KmIG6dllBOTt55Rmkt4HtI9mwdWtJljnrXjAFUBLTSN67HWrOIZ3EPF4kjUw80Bg==",
      "dependencies": [
        "@fastify/busboy"
      ]
    },
    "uri-template-router@0.0.17": {
      "integrity": "sha512-5h2I/eSN+XFRAFaSR72KTFWg5rf8GB6Ur5+yWHjtwEqmn6cfZqoWsoWTh6NhxW8pIlFq144G2J23OCg3CeAaSg=="
    },
    "url-template@3.1.1": {
      "integrity": "sha512-4oszoaEKE/mQOtAmdMWqIRHmkxWkUZMnXFnjQ5i01CuRSK3uluxcH1MRVVVWmhlnzT1SCDfKxxficm2G37qzCA=="
    },
    "uuid@11.1.0": {
      "integrity": "sha512-0/A9rDy9P7cJ+8w1c9WD9V//9Wj15Ce2MPz8Ri6032usz+NfePxx5AcN3bN+r6ZL6jEo066/yNYB3tn4pQEx+A==",
      "bin": true
    },
    "varint@6.0.0": {
      "integrity": "sha512-cXEIW6cfr15lFv563k4GuVuW/fiwjknytD37jIOLSdSWuOI6WnO/oKwmP2FQTU2l01LP8/M5TSAJpzUaGe3uWg=="
    },
    "web-streams-polyfill@3.3.3": {
      "integrity": "sha512-d2JWLCivmZYTSIoge9MsgFCZrt571BikcWGYkjC1khllbTeDlGqZ2D8vD8E/lJa8WGWbb7Plm8/XJYV7IJHZZw=="
    },
    "xss@1.0.15": {
      "integrity": "sha512-FVdlVVC67WOIPvfOwhoMETV72f6GbW7aOabBC3WxN/oUdoEMDyLz4OgRv5/gck2ZeNqEQu+Tb0kloovXOfpYVg==",
      "dependencies": [
        "commander",
        "cssfilter"
      ],
      "bin": true
    },
    "yallist@4.0.0": {
      "integrity": "sha512-3wdGidZyq5PB084XLES5TpOSRA3wjXAlIWMhum2kRcv/41Sn2emQ0dycQW4uZXLejwKvg6EsvbdlVL+FYEct7A=="
    }
  },
  "workspace": {
    "dependencies": [
      "jsr:@fedify/fedify@1.8.2",
      "jsr:@hongminhee/x-forwarded-fetch@0.2",
      "jsr:@hono/hono@^4.8.2"
    ],
    "members": {
      "packages/botkit": {
        "dependencies": [
          "jsr:@fedify/markdown-it-hashtag@0.3",
          "jsr:@fedify/markdown-it-mention@0.3",
          "jsr:@logtape/logtape@1",
          "npm:@phensley/language-tag@^1.12.2",
          "npm:html-entities@^2.6.0",
          "npm:markdown-it@^14.1.0",
          "npm:mime-db@^1.54.0",
          "npm:tsdown@~0.12.8",
          "npm:uuid@^11.1.0",
          "npm:xss@^1.0.15"
        ],
        "packageJson": {
          "dependencies": [
            "npm:@fedify/markdown-it-hashtag@0.3",
            "npm:@fedify/markdown-it-mention@0.3",
            "npm:@js-temporal/polyfill@~0.5.1",
            "npm:@logtape/logtape@1",
            "npm:@phensley/language-tag@^1.12.2",
            "npm:html-entities@^2.6.0",
            "npm:markdown-it@^14.1.0",
            "npm:mime-db@^1.54.0",
            "npm:tsdown@~0.12.8",
            "npm:uuid@^11.1.0",
            "npm:xss@^1.0.15"
          ]
        }
      }
    }
  }
}
